// !$*UTF8*$!
{
	archiveVersion = 1;
	classes = {
	};
	objectVersion = 46;
	objects = {

/* Begin PBXBuildFile section */
		65E7E8131D91765D005EBFB6 /* AppDelegate.swift in Sources */ = {isa = PBXBuildFile; fileRef = 65E7E8121D91765D005EBFB6 /* AppDelegate.swift */; };
		65E7E8151D91765D005EBFB6 /* ViewController.swift in Sources */ = {isa = PBXBuildFile; fileRef = 65E7E8141D91765D005EBFB6 /* ViewController.swift */; };
		65E7E8181D91765D005EBFB6 /* Main.storyboard in Resources */ = {isa = PBXBuildFile; fileRef = 65E7E8161D91765D005EBFB6 /* Main.storyboard */; };
		65E7E81A1D91765D005EBFB6 /* Assets.xcassets in Resources */ = {isa = PBXBuildFile; fileRef = 65E7E8191D91765D005EBFB6 /* Assets.xcassets */; };
		65E7E81D1D91765D005EBFB6 /* LaunchScreen.storyboard in Resources */ = {isa = PBXBuildFile; fileRef = 65E7E81B1D91765D005EBFB6 /* LaunchScreen.storyboard */; };
/* End PBXBuildFile section */

/* Begin PBXFileReference section */
		65E7E80F1D91765D005EBFB6 /* HideDoesNotWork.app */ = {isa = PBXFileReference; explicitFileType = wrapper.application; includeInIndex = 0; path = HideDoesNotWork.app; sourceTree = BUILT_PRODUCTS_DIR; };
		65E7E8121D91765D005EBFB6 /* AppDelegate.swift */ = {isa = PBXFileReference; lastKnownFileType = sourcecode.swift; path = AppDelegate.swift; sourceTree = "<group>"; };
		65E7E8141D91765D005EBFB6 /* ViewController.swift */ = {isa = PBXFileReference; lastKnownFileType = sourcecode.swift; path = ViewController.swift; sourceTree = "<group>"; };
		65E7E8171D91765D005EBFB6 /* Base */ = {isa = PBXFileReference; lastKnownFileType = file.storyboard; name = Base; path = Base.lproj/Main.storyboard; sourceTree = "<group>"; };
		65E7E8191D91765D005EBFB6 /* Assets.xcassets */ = {isa = PBXFileReference; lastKnownFileType = folder.assetcatalog; path = Assets.xcassets; sourceTree = "<group>"; };
		65E7E81C1D91765D005EBFB6 /* Base */ = {isa = PBXFileReference; lastKnownFileType = file.storyboard; name = Base; path = Base.lproj/LaunchScreen.storyboard; sourceTree = "<group>"; };
		65E7E81E1D91765D005EBFB6 /* Info.plist */ = {isa = PBXFileReference; lastKnownFileType = text.plist.xml; path = Info.plist; sourceTree = "<group>"; };
/* End PBXFileReference section */

/* Begin PBXFrameworksBuildPhase section */
		65E7E80C1D91765D005EBFB6 /* Frameworks */ = {
			isa = PBXFrameworksBuildPhase;
			buildActionMask = 2147483647;
			files = (
			);
			runOnlyForDeploymentPostprocessing = 0;
		};
/* End PBXFrameworksBuildPhase section */

/* Begin PBXGroup section */
		65E7E8061D91765D005EBFB6 = {
			isa = PBXGroup;
			children = (
				65E7E8111D91765D005EBFB6 /* HideDoesNotWork */,
				65E7E8101D91765D005EBFB6 /* Products */,
			);
			sourceTree = "<group>";
		};
		65E7E8101D91765D005EBFB6 /* Products */ = {
			isa = PBXGroup;
			children = (
				65E7E80F1D91765D005EBFB6 /* HideDoesNotWork.app */,
			);
			name = Products;
			sourceTree = "<group>";
		};
		65E7E8111D91765D005EBFB6 /* HideDoesNotWork */ = {
			isa = PBXGroup;
			children = (
				65E7E8121D91765D005EBFB6 /* AppDelegate.swift */,
				65E7E8141D91765D005EBFB6 /* ViewController.swift */,
				65E7E8161D91765D005EBFB6 /* Main.storyboard */,
				65E7E8191D91765D005EBFB6 /* Assets.xcassets */,
				65E7E81B1D91765D005EBFB6 /* LaunchScreen.storyboard */,
				65E7E81E1D91765D005EBFB6 /* Info.plist */,
			);
			path = HideDoesNotWork;
			sourceTree = "<group>";
		};
/* End PBXGroup section */

/* Begin PBXNativeTarget section */
		65E7E80E1D91765D005EBFB6 /* HideDoesNotWork */ = {
			isa = PBXNativeTarget;
			buildConfigurationList = 65E7E8211D91765D005EBFB6 /* Build configuration list for PBXNativeTarget "HideDoesNotWork" */;
			buildPhases = (
				65E7E80B1D91765D005EBFB6 /* Sources */,
				65E7E80C1D91765D005EBFB6 /* Frameworks */,
				65E7E80D1D91765D005EBFB6 /* Resources */,
			);
			buildRules = (
			);
			dependencies = (
			);
			name = HideDoesNotWork;
			productName = HideDoesNotWork;
			productReference = 65E7E80F1D91765D005EBFB6 /* HideDoesNotWork.app */;
			productType = "com.apple.product-type.application";
		};
/* End PBXNativeTarget section */

/* Begin PBXProject section */
		65E7E8071D91765D005EBFB6 /* Project object */ = {
			isa = PBXProject;
			attributes = {
				LastSwiftUpdateCheck = 0800;
				LastUpgradeCheck = 0800;
				ORGANIZATIONNAME = com.cyon;
				TargetAttributes = {
					65E7E80E1D91765D005EBFB6 = {
						CreatedOnToolsVersion = 8.0;
						ProvisioningStyle = Automatic;
					};
				};
			};
			buildConfigurationList = 65E7E80A1D91765D005EBFB6 /* Build configuration list for PBXProject "HideDoesNotWork" */;
			compatibilityVersion = "Xcode 3.2";
			developmentRegion = English;
			hasScannedForEncodings = 0;
			knownRegions = (
				en,
				Base,
			);
			mainGroup = 65E7E8061D91765D005EBFB6;
			productRefGroup = 65E7E8101D91765D005EBFB6 /* Products */;
			projectDirPath = "";
			projectRoot = "";
			targets = (
				65E7E80E1D91765D005EBFB6 /* HideDoesNotWork */,
			);
		};
/* End PBXProject section */

/* Begin PBXResourcesBuildPhase section */
		65E7E80D1D91765D005EBFB6 /* Resources */ = {
			isa = PBXResourcesBuildPhase;
			buildActionMask = 2147483647;
			files = (
				65E7E81D1D91765D005EBFB6 /* LaunchScreen.storyboard in Resources */,
				65E7E81A1D91765D005EBFB6 /* Assets.xcassets in Resources */,
				65E7E8181D91765D005EBFB6 /* Main.storyboard in Resources */,
			);
			runOnlyForDeploymentPostprocessing = 0;
		};
/* End PBXResourcesBuildPhase section */

/* Begin PBXSourcesBuildPhase section */
		65E7E80B1D91765D005EBFB6 /* Sources */ = {
			isa = PBXSourcesBuildPhase;
			buildActionMask = 2147483647;
			files = (
				65E7E8151D91765D005EBFB6 /* ViewController.swift in Sources */,
				65E7E8131D91765D005EBFB6 /* AppDelegate.swift in Sources */,
			);
			runOnlyForDeploymentPostprocessing = 0;
		};
/* End PBXSourcesBuildPhase section */

/* Begin PBXVariantGroup section */
		65E7E8161D91765D005EBFB6 /* Main.storyboard */ = {
			isa = PBXVariantGroup;
			children = (
				65E7E8171D91765D005EBFB6 /* Base */,
			);
			name = Main.storyboard;
			sourceTree = "<group>";
		};
		65E7E81B1D91765D005EBFB6 /* LaunchScreen.storyboard */ = {
			isa = PBXVariantGroup;
			children = (
				65E7E81C1D91765D005EBFB6 /* Base */,
			);
			name = LaunchScreen.storyboard;
			sourceTree = "<group>";
		};
/* End PBXVariantGroup section */

/* Begin XCBuildConfiguration section */
		65E7E81F1D91765D005EBFB6 /* Debug */ = {
			isa = XCBuildConfiguration;
			buildSettings = {
				ALWAYS_SEARCH_USER_PATHS = NO;
				CLANG_ANALYZER_NONNULL = YES;
				CLANG_CXX_LANGUAGE_STANDARD = "gnu++0x";
				CLANG_CXX_LIBRARY = "libc++";
				CLANG_ENABLE_MODULES = YES;
				CLANG_ENABLE_OBJC_ARC = YES;
				CLANG_WARN_BOOL_CONVERSION = YES;
				CLANG_WARN_CONSTANT_CONVERSION = YES;
				CLANG_WARN_DIRECT_OBJC_ISA_USAGE = YES_ERROR;
				CLANG_WARN_DOCUMENTATION_COMMENTS = YES;
				CLANG_WARN_EMPTY_BODY = YES;
				CLANG_WARN_ENUM_CONVERSION = YES;
				CLANG_WARN_INFINITE_RECURSION = YES;
				CLANG_WARN_INT_CONVERSION = YES;
				CLANG_WARN_OBJC_ROOT_CLASS = YES_ERROR;
				CLANG_WARN_SUSPICIOUS_MOVES = YES;
				CLANG_WARN_UNREACHABLE_CODE = YES;
				CLANG_WARN__DUPLICATE_METHOD_MATCH = YES;
				"CODE_SIGN_IDENTITY[sdk=iphoneos*]" = "iPhone Developer";
				COPY_PHASE_STRIP = NO;
				DEBUG_INFORMATION_FORMAT = dwarf;
				ENABLE_STRICT_OBJC_MSGSEND = YES;
				ENABLE_TESTABILITY = YES;
				GCC_C_LANGUAGE_STANDARD = gnu99;
				GCC_DYNAMIC_NO_PIC = NO;
				GCC_NO_COMMON_BLOCKS = YES;
				GCC_OPTIMIZATION_LEVEL = 0;
				GCC_PREPROCESSOR_DEFINITIONS = (
					"DEBUG=1",
					"$(inherited)",
				);
				GCC_WARN_64_TO_32_BIT_CONVERSION = YES;
				GCC_WARN_ABOUT_RETURN_TYPE = YES_ERROR;
				GCC_WARN_UNDECLARED_SELECTOR = YES;
				GCC_WARN_UNINITIALIZED_AUTOS = YES_AGGRESSIVE;
				GCC_WARN_UNUSED_FUNCTION = YES;
				GCC_WARN_UNUSED_VARIABLE = YES;
				IPHONEOS_DEPLOYMENT_TARGET = 10.0;
				MTL_ENABLE_DEBUG_INFO = YES;
				ONLY_ACTIVE_ARCH = YES;
				SDKROOT = iphoneos;
				SWIFT_ACTIVE_COMPILATION_CONDITIONS = DEBUG;
				SWIFT_OPTIMIZATION_LEVEL = "-Onone";
			};
			name = Debug;
		};
		65E7E8201D91765D005EBFB6 /* Release */ = {
			isa = XCBuildConfiguration;
			buildSettings = {
				ALWAYS_SEARCH_USER_PATHS = NO;
				CLANG_ANALYZER_NONNULL = YES;
				CLANG_CXX_LANGUAGE_STANDARD = "gnu++0x";
				CLANG_CXX_LIBRARY = "libc++";
				CLANG_ENABLE_MODULES = YES;
				CLANG_ENABLE_OBJC_ARC = YES;
				CLANG_WARN_BOOL_CONVERSION = YES;
				CLANG_WARN_CONSTANT_CONVERSION = YES;
				CLANG_WARN_DIRECT_OBJC_ISA_USAGE = YES_ERROR;
				CLANG_WARN_DOCUMENTATION_COMMENTS = YES;
				CLANG_WARN_EMPTY_BODY = YES;
				CLANG_WARN_ENUM_CONVERSION = YES;
				CLANG_WARN_INFINITE_RECURSION = YES;
				CLANG_WARN_INT_CONVERSION = YES;
				CLANG_WARN_OBJC_ROOT_CLASS = YES_ERROR;
				CLANG_WARN_SUSPICIOUS_MOVES = YES;
				CLANG_WARN_UNREACHABLE_CODE = YES;
				CLANG_WARN__DUPLICATE_METHOD_MATCH = YES;
				"CODE_SIGN_IDENTITY[sdk=iphoneos*]" = "iPhone Developer";
				COPY_PHASE_STRIP = NO;
				DEBUG_INFORMATION_FORMAT = "dwarf-with-dsym";
				ENABLE_NS_ASSERTIONS = NO;
				ENABLE_STRICT_OBJC_MSGSEND = YES;
				GCC_C_LANGUAGE_STANDARD = gnu99;
				GCC_NO_COMMON_BLOCKS = YES;
				GCC_WARN_64_TO_32_BIT_CONVERSION = YES;
				GCC_WARN_ABOUT_RETURN_TYPE = YES_ERROR;
				GCC_WARN_UNDECLARED_SELECTOR = YES;
				GCC_WARN_UNINITIALIZED_AUTOS = YES_AGGRESSIVE;
				GCC_WARN_UNUSED_FUNCTION = YES;
				GCC_WARN_UNUSED_VARIABLE = YES;
				IPHONEOS_DEPLOYMENT_TARGET = 10.0;
				MTL_ENABLE_DEBUG_INFO = NO;
				SDKROOT = iphoneos;
				SWIFT_OPTIMIZATION_LEVEL = "-Owholemodule";
				VALIDATE_PRODUCT = YES;
			};
			name = Release;
		};
		65E7E8221D91765D005EBFB6 /* Debug */ = {
			isa = XCBuildConfiguration;
			buildSettings = {
				ASSETCATALOG_COMPILER_APPICON_NAME = AppIcon;
				INFOPLIST_FILE = HideDoesNotWork/Info.plist;
				LD_RUNPATH_SEARCH_PATHS = "$(inherited) @executable_path/Frameworks";
				PRODUCT_BUNDLE_IDENTIFIER = com.cyon.HideDoesNotWork;
				PRODUCT_NAME = "$(TARGET_NAME)";
				SWIFT_VERSION = 3.0;
			};
			name = Debug;
		};
		65E7E8231D91765D005EBFB6 /* Release */ = {
			isa = XCBuildConfiguration;
			buildSettings = {
				ASSETCATALOG_COMPILER_APPICON_NAME = AppIcon;
				INFOPLIST_FILE = HideDoesNotWork/Info.plist;
				LD_RUNPATH_SEARCH_PATHS = "$(inherited) @executable_path/Frameworks";
				PRODUCT_BUNDLE_IDENTIFIER = com.cyon.HideDoesNotWork;
				PRODUCT_NAME = "$(TARGET_NAME)";
				SWIFT_VERSION = 3.0;
			};
			name = Release;
		};
/* End XCBuildConfiguration section */

/* Begin XCConfigurationList section */
		65E7E80A1D91765D005EBFB6 /* Build configuration list for PBXProject "HideDoesNotWork" */ = {
			isa = XCConfigurationList;
			buildConfigurations = (
				65E7E81F1D91765D005EBFB6 /* Debug */,
				65E7E8201D91765D005EBFB6 /* Release */,
			);
			defaultConfigurationIsVisible = 0;
			defaultConfigurationName = Release;
		};
		65E7E8211D91765D005EBFB6 /* Build configuration list for PBXNativeTarget "HideDoesNotWork" */ = {
			isa = XCConfigurationList;
			buildConfigurations = (
				65E7E8221D91765D005EBFB6 /* Debug */,
				65E7E8231D91765D005EBFB6 /* Release */,
			);
			defaultConfigurationIsVisible = 0;
		};
/* End XCConfigurationList section */
	};
	rootObject = 65E7E8071D91765D005EBFB6 /* Project object */;
}
